
Microsoft Visual Studio Solution File, Format Version 12.00
# Visual Studio Version 16
VisualStudioVersion = 16.0.32901.82
MinimumVisualStudioVersion = 10.0.40219.1
Project("{FAE04EC0-301F-11D3-BF4B-00C04F79EFBC}") = "Task1", "Task1.csproj", "{8FC9C987-CEC4-4F3A-80BA-8DD7FA60DC9C}"
EndProject
Project("{FAE04EC0-301F-11D3-BF4B-00C04F79EFBC}") = "Task1Library", "..\Task1Library\Task1Library.csproj", "{FC1B3F4F-DCFE-465D-80D4-CCEFD28C36D5}"
EndProject
Global
	GlobalSection(SolutionConfigurationPlatforms) = preSolution
		Debug|Any CPU = Debug|Any CPU
		Release|Any CPU = Release|Any CPU
	EndGlobalSection
	GlobalSection(ProjectConfigurationPlatforms) = postSolution
		{8FC9C987-CEC4-4F3A-80BA-8DD7FA60DC9C}.Debug|Any CPU.ActiveCfg = Debug|Any CPU
		{8FC9C987-CEC4-4F3A-80BA-8DD7FA60DC9C}.Debug|Any CPU.Build.0 = Debug|Any CPU
		{8FC9C987-CEC4-4F3A-80BA-8DD7FA60DC9C}.Release|Any CPU.ActiveCfg = Release|Any CPU
		{8FC9C987-CEC4-4F3A-80BA-8DD7FA60DC9C}.Release|Any CPU.Build.0 = Release|Any CPU
		{FC1B3F4F-DCFE-465D-80D4-CCEFD28C36D5}.Debug|Any CPU.ActiveCfg = Debug|Any CPU
		{FC1B3F4F-DCFE-465D-80D4-CCEFD28C36D5}.Debug|Any CPU.Build.0 = Debug|Any CPU
		{FC1B3F4F-DCFE-465D-80D4-CCEFD28C36D5}.Release|Any CPU.ActiveCfg = Release|Any CPU
		{FC1B3F4F-DCFE-465D-80D4-CCEFD28C36D5}.Release|Any CPU.Build.0 = Release|Any CPU
	EndGlobalSection
	GlobalSection(SolutionProperties) = preSolution
		HideSolutionNode = FALSE
	EndGlobalSection
	GlobalSection(ExtensibilityGlobals) = postSolution
		SolutionGuid = {5F123DD5-DFEB-473B-965A-4ED55DBE7116}
	EndGlobalSection
EndGlobal
