
Microsoft Visual Studio Solution File, Format Version 12.00
# Visual Studio Version 16
VisualStudioVersion = 16.0.32901.82
MinimumVisualStudioVersion = 10.0.40219.1
Project("{FAE04EC0-301F-11D3-BF4B-00C04F79EFBC}") = "Task3", "Task3.csproj", "{170839BC-6204-4D1F-A6F5-479A4B20AF88}"
EndProject
Global
	GlobalSection(SolutionConfigurationPlatforms) = preSolution
		Debug|Any CPU = Debug|Any CPU
		Release|Any CPU = Release|Any CPU
	EndGlobalSection
	GlobalSection(ProjectConfigurationPlatforms) = postSolution
		{170839BC-6204-4D1F-A6F5-479A4B20AF88}.Debug|Any CPU.ActiveCfg = Debug|Any CPU
		{170839BC-6204-4D1F-A6F5-479A4B20AF88}.Debug|Any CPU.Build.0 = Debug|Any CPU
		{170839BC-6204-4D1F-A6F5-479A4B20AF88}.Release|Any CPU.ActiveCfg = Release|Any CPU
		{170839BC-6204-4D1F-A6F5-479A4B20AF88}.Release|Any CPU.Build.0 = Release|Any CPU
	EndGlobalSection
	GlobalSection(SolutionProperties) = preSolution
		HideSolutionNode = FALSE
	EndGlobalSection
	GlobalSection(ExtensibilityGlobals) = postSolution
		SolutionGuid = {E268D5EB-5E9B-4924-8F48-C8812A829D25}
	EndGlobalSection
EndGlobal
