
Microsoft Visual Studio Solution File, Format Version 12.00
# Visual Studio Version 17
VisualStudioVersion = 17.2.32526.322
MinimumVisualStudioVersion = 10.0.40219.1
Project("{FAE04EC0-301F-11D3-BF4B-00C04F79EFBC}") = "Task2", "Task2.csproj", "{C3134398-85AC-47C3-A121-1E179E892F3D}"
EndProject
Global
	GlobalSection(SolutionConfigurationPlatforms) = preSolution
		Debug|Any CPU = Debug|Any CPU
		Release|Any CPU = Release|Any CPU
	EndGlobalSection
	GlobalSection(ProjectConfigurationPlatforms) = postSolution
		{C3134398-85AC-47C3-A121-1E179E892F3D}.Debug|Any CPU.ActiveCfg = Debug|Any CPU
		{C3134398-85AC-47C3-A121-1E179E892F3D}.Debug|Any CPU.Build.0 = Debug|Any CPU
		{C3134398-85AC-47C3-A121-1E179E892F3D}.Release|Any CPU.ActiveCfg = Release|Any CPU
		{C3134398-85AC-47C3-A121-1E179E892F3D}.Release|Any CPU.Build.0 = Release|Any CPU
	EndGlobalSection
	GlobalSection(SolutionProperties) = preSolution
		HideSolutionNode = FALSE
	EndGlobalSection
	GlobalSection(ExtensibilityGlobals) = postSolution
		SolutionGuid = {959E5820-658F-42A6-B495-470E3BAE696E}
	EndGlobalSection
EndGlobal
