
Microsoft Visual Studio Solution File, Format Version 12.00
# Visual Studio Version 16
VisualStudioVersion = 16.0.33214.272
MinimumVisualStudioVersion = 10.0.40219.1
Project("{FAE04EC0-301F-11D3-BF4B-00C04F79EFBC}") = "Task3", "Task3.csproj", "{FEEDB3BE-FD34-44CB-B649-5027FB849FB2}"
EndProject
Global
	GlobalSection(SolutionConfigurationPlatforms) = preSolution
		Debug|Any CPU = Debug|Any CPU
		Release|Any CPU = Release|Any CPU
	EndGlobalSection
	GlobalSection(ProjectConfigurationPlatforms) = postSolution
		{FEEDB3BE-FD34-44CB-B649-5027FB849FB2}.Debug|Any CPU.ActiveCfg = Debug|Any CPU
		{FEEDB3BE-FD34-44CB-B649-5027FB849FB2}.Debug|Any CPU.Build.0 = Debug|Any CPU
		{FEEDB3BE-FD34-44CB-B649-5027FB849FB2}.Release|Any CPU.ActiveCfg = Release|Any CPU
		{FEEDB3BE-FD34-44CB-B649-5027FB849FB2}.Release|Any CPU.Build.0 = Release|Any CPU
	EndGlobalSection
	GlobalSection(SolutionProperties) = preSolution
		HideSolutionNode = FALSE
	EndGlobalSection
	GlobalSection(ExtensibilityGlobals) = postSolution
		SolutionGuid = {09185B76-65EF-4AA2-BF72-B9A6A76630B8}
	EndGlobalSection
EndGlobal
