
Microsoft Visual Studio Solution File, Format Version 12.00
# Visual Studio Version 16
VisualStudioVersion = 16.0.33214.272
MinimumVisualStudioVersion = 10.0.40219.1
Project("{FAE04EC0-301F-11D3-BF4B-00C04F79EFBC}") = "Task1", "Task1.csproj", "{8B7DF30B-F373-46B5-969C-7A614BA0CB47}"
EndProject
Global
	GlobalSection(SolutionConfigurationPlatforms) = preSolution
		Debug|Any CPU = Debug|Any CPU
		Release|Any CPU = Release|Any CPU
	EndGlobalSection
	GlobalSection(ProjectConfigurationPlatforms) = postSolution
		{8B7DF30B-F373-46B5-969C-7A614BA0CB47}.Debug|Any CPU.ActiveCfg = Debug|Any CPU
		{8B7DF30B-F373-46B5-969C-7A614BA0CB47}.Debug|Any CPU.Build.0 = Debug|Any CPU
		{8B7DF30B-F373-46B5-969C-7A614BA0CB47}.Release|Any CPU.ActiveCfg = Release|Any CPU
		{8B7DF30B-F373-46B5-969C-7A614BA0CB47}.Release|Any CPU.Build.0 = Release|Any CPU
	EndGlobalSection
	GlobalSection(SolutionProperties) = preSolution
		HideSolutionNode = FALSE
	EndGlobalSection
	GlobalSection(ExtensibilityGlobals) = postSolution
		SolutionGuid = {02759116-1BF3-4C9C-BCDF-96964CA17DE8}
	EndGlobalSection
EndGlobal
