
Microsoft Visual Studio Solution File, Format Version 12.00
# Visual Studio Version 16
VisualStudioVersion = 16.0.33214.272
MinimumVisualStudioVersion = 10.0.40219.1
Project("{FAE04EC0-301F-11D3-BF4B-00C04F79EFBC}") = "childApplication", "childApplication.csproj", "{9E7BABFC-8BCA-4996-A53C-D24EB9D2F1B1}"
EndProject
Global
	GlobalSection(SolutionConfigurationPlatforms) = preSolution
		Debug|Any CPU = Debug|Any CPU
		Release|Any CPU = Release|Any CPU
	EndGlobalSection
	GlobalSection(ProjectConfigurationPlatforms) = postSolution
		{9E7BABFC-8BCA-4996-A53C-D24EB9D2F1B1}.Debug|Any CPU.ActiveCfg = Debug|Any CPU
		{9E7BABFC-8BCA-4996-A53C-D24EB9D2F1B1}.Debug|Any CPU.Build.0 = Debug|Any CPU
		{9E7BABFC-8BCA-4996-A53C-D24EB9D2F1B1}.Release|Any CPU.ActiveCfg = Release|Any CPU
		{9E7BABFC-8BCA-4996-A53C-D24EB9D2F1B1}.Release|Any CPU.Build.0 = Release|Any CPU
	EndGlobalSection
	GlobalSection(SolutionProperties) = preSolution
		HideSolutionNode = FALSE
	EndGlobalSection
	GlobalSection(ExtensibilityGlobals) = postSolution
		SolutionGuid = {791D7571-B6DC-438D-BE30-E51720B40E28}
	EndGlobalSection
EndGlobal
