
Microsoft Visual Studio Solution File, Format Version 12.00
# Visual Studio Version 16
VisualStudioVersion = 16.0.33214.272
MinimumVisualStudioVersion = 10.0.40219.1
Project("{FAE04EC0-301F-11D3-BF4B-00C04F79EFBC}") = "Task2", "Task2.csproj", "{B8228741-0DA6-4A40-ABE5-8C60AA250D8A}"
EndProject
Global
	GlobalSection(SolutionConfigurationPlatforms) = preSolution
		Debug|Any CPU = Debug|Any CPU
		Release|Any CPU = Release|Any CPU
	EndGlobalSection
	GlobalSection(ProjectConfigurationPlatforms) = postSolution
		{B8228741-0DA6-4A40-ABE5-8C60AA250D8A}.Debug|Any CPU.ActiveCfg = Debug|Any CPU
		{B8228741-0DA6-4A40-ABE5-8C60AA250D8A}.Debug|Any CPU.Build.0 = Debug|Any CPU
		{B8228741-0DA6-4A40-ABE5-8C60AA250D8A}.Release|Any CPU.ActiveCfg = Release|Any CPU
		{B8228741-0DA6-4A40-ABE5-8C60AA250D8A}.Release|Any CPU.Build.0 = Release|Any CPU
	EndGlobalSection
	GlobalSection(SolutionProperties) = preSolution
		HideSolutionNode = FALSE
	EndGlobalSection
	GlobalSection(ExtensibilityGlobals) = postSolution
		SolutionGuid = {D4E05FE1-E701-4540-A4EF-4682E30DC9C0}
	EndGlobalSection
EndGlobal
